
Microsoft Visual Studio Solution File, Format Version 12.00
# Visual Studio Version 17
VisualStudioVersion = 17.1.32421.90
MinimumVisualStudioVersion = 10.0.40219.1
Project("{9A19103F-16F7-4668-BE54-9A1E7A4F7556}") = "NpcBot", "NpcBot\NpcBot.csproj", "{28DC311C-54AE-40B0-9FB2-0B3EC1CA974F}"
EndProject
Project("{2150E333-8FDC-42A3-9474-1A3956D46DE8}") = "Solution Items", "Solution Items", "{9C24C390-1167-4570-8186-8D0D48D15CA4}"
	ProjectSection(SolutionItems) = preProject
		.editorconfig = .editorconfig
	EndProjectSection
EndProject
Global
	GlobalSection(SolutionConfigurationPlatforms) = preSolution
		Debug|Any CPU = Debug|Any CPU
		Release|Any CPU = Release|Any CPU
	EndGlobalSection
	GlobalSection(ProjectConfigurationPlatforms) = postSolution
		{28DC311C-54AE-40B0-9FB2-0B3EC1CA974F}.Debug|Any CPU.ActiveCfg = Debug|Any CPU
		{28DC311C-54AE-40B0-9FB2-0B3EC1CA974F}.Debug|Any CPU.Build.0 = Debug|Any CPU
		{28DC311C-54AE-40B0-9FB2-0B3EC1CA974F}.Release|Any CPU.ActiveCfg = Release|Any CPU
		{28DC311C-54AE-40B0-9FB2-0B3EC1CA974F}.Release|Any CPU.Build.0 = Release|Any CPU
	EndGlobalSection
	GlobalSection(SolutionProperties) = preSolution
		HideSolutionNode = FALSE
	EndGlobalSection
	GlobalSection(ExtensibilityGlobals) = postSolution
		SolutionGuid = {32BBD40C-53BA-4BE3-83ED-4024B3DCFDE4}
	EndGlobalSection
EndGlobal
